
Microsoft Visual Studio Solution File, Format Version 12.00
# Visual Studio Version 16
VisualStudioVersion = 16.0.29613.14
MinimumVisualStudioVersion = 10.0.40219.1
Project("{FAE04EC0-301F-11D3-BF4B-00C04F79EFBC}") = "WFA_ShoshaniProject", "WFA_ShoshaniProject\WFA_ShoshaniProject.csproj", "{68F9C508-B02B-4587-BE2F-958236AB9C95}"
EndProject
Global
	GlobalSection(SolutionConfigurationPlatforms) = preSolution
		Debug|Any CPU = Debug|Any CPU
		Release|Any CPU = Release|Any CPU
	EndGlobalSection
	GlobalSection(ProjectConfigurationPlatforms) = postSolution
		{68F9C508-B02B-4587-BE2F-958236AB9C95}.Debug|Any CPU.ActiveCfg = Debug|Any CPU
		{68F9C508-B02B-4587-BE2F-958236AB9C95}.Debug|Any CPU.Build.0 = Debug|Any CPU
		{68F9C508-B02B-4587-BE2F-958236AB9C95}.Release|Any CPU.ActiveCfg = Release|Any CPU
		{68F9C508-B02B-4587-BE2F-958236AB9C95}.Release|Any CPU.Build.0 = Release|Any CPU
	EndGlobalSection
	GlobalSection(SolutionProperties) = preSolution
		HideSolutionNode = FALSE
	EndGlobalSection
	GlobalSection(ExtensibilityGlobals) = postSolution
		SolutionGuid = {220C7FA8-E492-44CE-96A5-D8A18EF03144}
	EndGlobalSection
EndGlobal
